# This file is automatically @generated by Cargo.
# It is not intended for manual editing.
version = 4

[[package]]
name = "symdex-cli"
version = "0.1.0"
dependencies = [
 "symdex-core",
 "symdex-embed",
 "symdex-mcp",
 "symdex-store",
]

[[package]]
name = "symdex-core"
version = "0.1.0"

[[package]]
name = "symdex-embed"
version = "0.1.0"

[[package]]
name = "symdex-mcp"
version = "0.1.0"

[[package]]
name = "symdex-store"
version = "0.1.0"
